{
  "meteor": {
    "git": "https://github.com/meteor/meteor.git",
    "branch": "devel",
    "commit": "2033728f29e186a508dd3c2f8c2bee7bda747d96"
  },
  "dependencies": {
    "basePackages": {
      "moment": {},
      "router": {},
      "cookie": {},
      "accounts-qq": {}
    },
    "packages": {
      "moment": {
        "git": "https://github.com/possibilities/meteor-moment.git",
        "tag": "v1.7.0",
        "commit": "bbdf5c60624d47d6d546fdf06126571545a2d7dd"
      },
      "router": {
        "git": "https://github.com/tmeasday/meteor-router.git",
        "tag": "v0.1.1",
        "commit": "bb806c51efe3686a8da6628269aa67a269a4e076"
      },
      "cookie": {
        "git": "https://github.com/chuangbo/meteor-cookie.git",
        "tag": "v1.0.2",
        "commit": "263fd43ef3c7eaaa3f412b97bbc8d4622b348a6e"
      },
      "accounts-qq": {
        "git": "https://github.com/yonggao/meteor-accounts-qq.git",
        "tag": "v0.2.4",
        "commit": "59ac281e964586fd0908d09252d2b1c9e9627708"
      },
      "deps-extensions": {
        "git": "https://github.com/tmeasday/meteor-deps-extensions.git",
        "tag": "v0.1.0",
        "commit": "110462c0ba33aaeb35e55069134287325cc453e5"
      }
    }
  }
}
