{
  "meteor": {
    "git": "https://github.com/meteor/meteor.git",
    "branch": "devel",
    "commit": "7c0da2c1b41dfd98984387a4e5f2208561dd1acb"
  },
  "dependencies": {
    "basePackages": {
      "moment": {},
      "router": {},
      "cookie": {},
      "accounts-qq": {}
    },
    "packages": {
      "moment": {
        "git": "https://github.com/possibilities/meteor-moment.git",
        "tag": "v1.7.0",
        "commit": "c64b6ec0e714b9556f4b6643d430b868ba69d3d7"
      },
      "router": {
        "git": "https://github.com/tmeasday/meteor-router.git",
        "tag": "v0.1.1",
        "commit": "bb806c51efe3686a8da6628269aa67a269a4e076"
      },
      "cookie": {
        "git": "https://github.com/chuangbo/meteor-cookie.git",
        "tag": "v1.0.2",
        "commit": "263fd43ef3c7eaaa3f412b97bbc8d4622b348a6e"
      },
      "accounts-qq": {
        "git": "https://github.com/yonggao/meteor-accounts-qq.git",
        "tag": "v0.2.5",
        "commit": "655c7951b1d34a112e72d43e4d7cd5271dc9bfdd"
      },
      "deps-extensions": {
        "git": "https://github.com/tmeasday/meteor-deps-extensions.git",
        "tag": "v0.1.0",
        "commit": "110462c0ba33aaeb35e55069134287325cc453e5"
      }
    }
  }
}
